
Microsoft Visual Studio Solution File, Format Version 12.00
# Visual Studio Version 16
VisualStudioVersion = 16.0.29009.5
MinimumVisualStudioVersion = 10.0.40219.1
Project("{9A19103F-16F7-4668-BE54-9A1E7A4F7556}") = "CoreWeb", "CoreWeb\CoreWeb.csproj", "{FAED2221-6EB6-42FD-84E5-330A506DAFD0}"
EndProject
Project("{9A19103F-16F7-4668-BE54-9A1E7A4F7556}") = "CoreWeb21", "CoreWeb21\CoreWeb21.csproj", "{75BB93C6-C67C-49B8-80E9-774EFBF4451F}"
EndProject
Project("{FAE04EC0-301F-11D3-BF4B-00C04F79EFBC}") = "CoreWeb22", "CoreWeb22\CoreWeb22.csproj", "{BAF625E7-9FA7-454A-A0DC-E66511ECA261}"
EndProject
Global
	GlobalSection(SolutionConfigurationPlatforms) = preSolution
		Debug|Any CPU = Debug|Any CPU
		Release|Any CPU = Release|Any CPU
	EndGlobalSection
	GlobalSection(ProjectConfigurationPlatforms) = postSolution
		{FAED2221-6EB6-42FD-84E5-330A506DAFD0}.Debug|Any CPU.ActiveCfg = Debug|Any CPU
		{FAED2221-6EB6-42FD-84E5-330A506DAFD0}.Debug|Any CPU.Build.0 = Debug|Any CPU
		{FAED2221-6EB6-42FD-84E5-330A506DAFD0}.Release|Any CPU.ActiveCfg = Release|Any CPU
		{FAED2221-6EB6-42FD-84E5-330A506DAFD0}.Release|Any CPU.Build.0 = Release|Any CPU
		{75BB93C6-C67C-49B8-80E9-774EFBF4451F}.Debug|Any CPU.ActiveCfg = Debug|Any CPU
		{75BB93C6-C67C-49B8-80E9-774EFBF4451F}.Debug|Any CPU.Build.0 = Debug|Any CPU
		{75BB93C6-C67C-49B8-80E9-774EFBF4451F}.Release|Any CPU.ActiveCfg = Release|Any CPU
		{75BB93C6-C67C-49B8-80E9-774EFBF4451F}.Release|Any CPU.Build.0 = Release|Any CPU
		{BAF625E7-9FA7-454A-A0DC-E66511ECA261}.Debug|Any CPU.ActiveCfg = Debug|Any CPU
		{BAF625E7-9FA7-454A-A0DC-E66511ECA261}.Debug|Any CPU.Build.0 = Debug|Any CPU
		{BAF625E7-9FA7-454A-A0DC-E66511ECA261}.Release|Any CPU.ActiveCfg = Release|Any CPU
		{BAF625E7-9FA7-454A-A0DC-E66511ECA261}.Release|Any CPU.Build.0 = Release|Any CPU
	EndGlobalSection
	GlobalSection(SolutionProperties) = preSolution
		HideSolutionNode = FALSE
	EndGlobalSection
	GlobalSection(ExtensibilityGlobals) = postSolution
		SolutionGuid = {56026584-0B5C-4256-B29C-677846C20724}
	EndGlobalSection
EndGlobal
